
Microsoft Visual Studio Solution File, Format Version 12.00
# Visual Studio 14
VisualStudioVersion = 14.0.25123.0
MinimumVisualStudioVersion = 10.0.40219.1
Project("{FAE04EC0-301F-11D3-BF4B-00C04F79EFBC}") = "dx.misv.passwordbot.core", "dx.misv.passwordbot.core\dx.misv.passwordbot.core.csproj", "{BA7A1A0F-2339-4129-8FFF-AF1146312974}"
EndProject
Project("{FAE04EC0-301F-11D3-BF4B-00C04F79EFBC}") = "dx.misv.passwordbot.core.Tests", "dx.misv.passwordbot.core.Tests\dx.misv.passwordbot.core.Tests.csproj", "{E1DC01A4-91F0-42BF-8D55-C2B424C6F109}"
EndProject
Project("{FAE04EC0-301F-11D3-BF4B-00C04F79EFBC}") = "dx.misv.passwordbot.api", "dx.misv.passwordbot.api\dx.misv.passwordbot.api.csproj", "{D7B349FA-400B-476A-B55A-E0D6E4FEBCDD}"
EndProject
Project("{FAE04EC0-301F-11D3-BF4B-00C04F79EFBC}") = "dx.misv.passwordbot.api.Tests", "dx.misv.passwordbot.api.Tests\dx.misv.passwordbot.api.Tests.csproj", "{948E5C77-93C8-4AF2-9ADC-A31B949905DA}"
EndProject
Project("{6141683F-8A12-4E36-9623-2EB02B2C2303}") = "dx.misv.passwordbot.api.setup", "dx.misv.passwordbot.api.setup\dx.misv.passwordbot.api.setup.isproj", "{052EEE75-E505-4CA8-BB2E-82429343C748}"
EndProject
Project("{FAE04EC0-301F-11D3-BF4B-00C04F79EFBC}") = "dx.misv.passwordbot.app", "dx.misv.passwordbot.app\dx.misv.passwordbot.app.csproj", "{A8BA1066-5695-4D71-ABB4-65E5A5E0C3D4}"
EndProject
Project("{2150E333-8FDC-42A3-9474-1A3956D46DE8}") = "Devops", "Devops", "{6699EF81-00B5-430D-8691-5E0A18ABC4AA}"
	ProjectSection(SolutionItems) = preProject
		Devops\ConfigurationScript.ps1 = Devops\ConfigurationScript.ps1
		Devops\deploy.ps1 = Devops\deploy.ps1
		Devops\PasswordBot API.msi = Devops\PasswordBot API.msi
		Devops\template.json = Devops\template.json
	EndProjectSection
EndProject
Project("{2150E333-8FDC-42A3-9474-1A3956D46DE8}") = "Solution Items", "Solution Items", "{FB30099B-34DF-45B4-BC30-28DF6E4D8D17}"
	ProjectSection(SolutionItems) = preProject
		LICENSE = LICENSE
		README.md = README.md
	EndProjectSection
EndProject
Global
	GlobalSection(SolutionConfigurationPlatforms) = preSolution
		CD_ROM|Any CPU = CD_ROM|Any CPU
		Debug|Any CPU = Debug|Any CPU
		DVD-5|Any CPU = DVD-5|Any CPU
		Release|Any CPU = Release|Any CPU
		SingleImage|Any CPU = SingleImage|Any CPU
	EndGlobalSection
	GlobalSection(ProjectConfigurationPlatforms) = postSolution
		{BA7A1A0F-2339-4129-8FFF-AF1146312974}.CD_ROM|Any CPU.ActiveCfg = Release|Any CPU
		{BA7A1A0F-2339-4129-8FFF-AF1146312974}.CD_ROM|Any CPU.Build.0 = Release|Any CPU
		{BA7A1A0F-2339-4129-8FFF-AF1146312974}.Debug|Any CPU.ActiveCfg = Debug|Any CPU
		{BA7A1A0F-2339-4129-8FFF-AF1146312974}.Debug|Any CPU.Build.0 = Debug|Any CPU
		{BA7A1A0F-2339-4129-8FFF-AF1146312974}.DVD-5|Any CPU.ActiveCfg = Debug|Any CPU
		{BA7A1A0F-2339-4129-8FFF-AF1146312974}.DVD-5|Any CPU.Build.0 = Debug|Any CPU
		{BA7A1A0F-2339-4129-8FFF-AF1146312974}.Release|Any CPU.ActiveCfg = Release|Any CPU
		{BA7A1A0F-2339-4129-8FFF-AF1146312974}.Release|Any CPU.Build.0 = Release|Any CPU
		{BA7A1A0F-2339-4129-8FFF-AF1146312974}.SingleImage|Any CPU.ActiveCfg = Release|Any CPU
		{BA7A1A0F-2339-4129-8FFF-AF1146312974}.SingleImage|Any CPU.Build.0 = Release|Any CPU
		{E1DC01A4-91F0-42BF-8D55-C2B424C6F109}.CD_ROM|Any CPU.ActiveCfg = Release|Any CPU
		{E1DC01A4-91F0-42BF-8D55-C2B424C6F109}.CD_ROM|Any CPU.Build.0 = Release|Any CPU
		{E1DC01A4-91F0-42BF-8D55-C2B424C6F109}.Debug|Any CPU.ActiveCfg = Debug|Any CPU
		{E1DC01A4-91F0-42BF-8D55-C2B424C6F109}.Debug|Any CPU.Build.0 = Debug|Any CPU
		{E1DC01A4-91F0-42BF-8D55-C2B424C6F109}.DVD-5|Any CPU.ActiveCfg = Debug|Any CPU
		{E1DC01A4-91F0-42BF-8D55-C2B424C6F109}.DVD-5|Any CPU.Build.0 = Debug|Any CPU
		{E1DC01A4-91F0-42BF-8D55-C2B424C6F109}.Release|Any CPU.ActiveCfg = Release|Any CPU
		{E1DC01A4-91F0-42BF-8D55-C2B424C6F109}.Release|Any CPU.Build.0 = Release|Any CPU
		{E1DC01A4-91F0-42BF-8D55-C2B424C6F109}.SingleImage|Any CPU.ActiveCfg = Release|Any CPU
		{E1DC01A4-91F0-42BF-8D55-C2B424C6F109}.SingleImage|Any CPU.Build.0 = Release|Any CPU
		{D7B349FA-400B-476A-B55A-E0D6E4FEBCDD}.CD_ROM|Any CPU.ActiveCfg = Release|Any CPU
		{D7B349FA-400B-476A-B55A-E0D6E4FEBCDD}.CD_ROM|Any CPU.Build.0 = Release|Any CPU
		{D7B349FA-400B-476A-B55A-E0D6E4FEBCDD}.Debug|Any CPU.ActiveCfg = Debug|Any CPU
		{D7B349FA-400B-476A-B55A-E0D6E4FEBCDD}.Debug|Any CPU.Build.0 = Debug|Any CPU
		{D7B349FA-400B-476A-B55A-E0D6E4FEBCDD}.DVD-5|Any CPU.ActiveCfg = Debug|Any CPU
		{D7B349FA-400B-476A-B55A-E0D6E4FEBCDD}.DVD-5|Any CPU.Build.0 = Debug|Any CPU
		{D7B349FA-400B-476A-B55A-E0D6E4FEBCDD}.Release|Any CPU.ActiveCfg = Release|Any CPU
		{D7B349FA-400B-476A-B55A-E0D6E4FEBCDD}.Release|Any CPU.Build.0 = Release|Any CPU
		{D7B349FA-400B-476A-B55A-E0D6E4FEBCDD}.SingleImage|Any CPU.ActiveCfg = Release|Any CPU
		{D7B349FA-400B-476A-B55A-E0D6E4FEBCDD}.SingleImage|Any CPU.Build.0 = Release|Any CPU
		{948E5C77-93C8-4AF2-9ADC-A31B949905DA}.CD_ROM|Any CPU.ActiveCfg = Release|Any CPU
		{948E5C77-93C8-4AF2-9ADC-A31B949905DA}.CD_ROM|Any CPU.Build.0 = Release|Any CPU
		{948E5C77-93C8-4AF2-9ADC-A31B949905DA}.Debug|Any CPU.ActiveCfg = Debug|Any CPU
		{948E5C77-93C8-4AF2-9ADC-A31B949905DA}.Debug|Any CPU.Build.0 = Debug|Any CPU
		{948E5C77-93C8-4AF2-9ADC-A31B949905DA}.DVD-5|Any CPU.ActiveCfg = Debug|Any CPU
		{948E5C77-93C8-4AF2-9ADC-A31B949905DA}.DVD-5|Any CPU.Build.0 = Debug|Any CPU
		{948E5C77-93C8-4AF2-9ADC-A31B949905DA}.Release|Any CPU.ActiveCfg = Release|Any CPU
		{948E5C77-93C8-4AF2-9ADC-A31B949905DA}.Release|Any CPU.Build.0 = Release|Any CPU
		{948E5C77-93C8-4AF2-9ADC-A31B949905DA}.SingleImage|Any CPU.ActiveCfg = Release|Any CPU
		{948E5C77-93C8-4AF2-9ADC-A31B949905DA}.SingleImage|Any CPU.Build.0 = Release|Any CPU
		{052EEE75-E505-4CA8-BB2E-82429343C748}.CD_ROM|Any CPU.ActiveCfg = CD_ROM
		{052EEE75-E505-4CA8-BB2E-82429343C748}.CD_ROM|Any CPU.Build.0 = CD_ROM
		{052EEE75-E505-4CA8-BB2E-82429343C748}.Debug|Any CPU.ActiveCfg = DVD-5
		{052EEE75-E505-4CA8-BB2E-82429343C748}.Debug|Any CPU.Build.0 = DVD-5
		{052EEE75-E505-4CA8-BB2E-82429343C748}.DVD-5|Any CPU.ActiveCfg = DVD-5
		{052EEE75-E505-4CA8-BB2E-82429343C748}.DVD-5|Any CPU.Build.0 = DVD-5
		{052EEE75-E505-4CA8-BB2E-82429343C748}.Release|Any CPU.ActiveCfg = SingleImage
		{052EEE75-E505-4CA8-BB2E-82429343C748}.Release|Any CPU.Build.0 = SingleImage
		{052EEE75-E505-4CA8-BB2E-82429343C748}.SingleImage|Any CPU.ActiveCfg = SingleImage
		{052EEE75-E505-4CA8-BB2E-82429343C748}.SingleImage|Any CPU.Build.0 = SingleImage
		{A8BA1066-5695-4D71-ABB4-65E5A5E0C3D4}.CD_ROM|Any CPU.ActiveCfg = Release|Any CPU
		{A8BA1066-5695-4D71-ABB4-65E5A5E0C3D4}.CD_ROM|Any CPU.Build.0 = Release|Any CPU
		{A8BA1066-5695-4D71-ABB4-65E5A5E0C3D4}.Debug|Any CPU.ActiveCfg = Debug|Any CPU
		{A8BA1066-5695-4D71-ABB4-65E5A5E0C3D4}.Debug|Any CPU.Build.0 = Debug|Any CPU
		{A8BA1066-5695-4D71-ABB4-65E5A5E0C3D4}.DVD-5|Any CPU.ActiveCfg = Debug|Any CPU
		{A8BA1066-5695-4D71-ABB4-65E5A5E0C3D4}.DVD-5|Any CPU.Build.0 = Debug|Any CPU
		{A8BA1066-5695-4D71-ABB4-65E5A5E0C3D4}.Release|Any CPU.ActiveCfg = Release|Any CPU
		{A8BA1066-5695-4D71-ABB4-65E5A5E0C3D4}.Release|Any CPU.Build.0 = Release|Any CPU
		{A8BA1066-5695-4D71-ABB4-65E5A5E0C3D4}.SingleImage|Any CPU.ActiveCfg = Release|Any CPU
		{A8BA1066-5695-4D71-ABB4-65E5A5E0C3D4}.SingleImage|Any CPU.Build.0 = Release|Any CPU
	EndGlobalSection
	GlobalSection(SolutionProperties) = preSolution
		HideSolutionNode = FALSE
	EndGlobalSection
EndGlobal
